{
  "originHash" : "1e97f404d3dee16d1ad51c74aaa9f7aa581b40ae8490dc66f8af53494350841e",
  "pins" : [
    {
      "identity" : "kiosnotification",
      "kind" : "remoteSourceControl",
      "location" : "https://github.com/the-best-is-best/KIOSNotification",
      "state" : {
        "revision" : "3db9f01248fb24786b7c1206ede4ff7d2bf3c649",
        "version" : "0.1.2"
      }
    }
  ],
  "version" : 3
}
